
Microsoft Visual Studio Solution File, Format Version 12.00
# Visual Studio Version 17
VisualStudioVersion = 17.0.31912.275
MinimumVisualStudioVersion = 10.0.40219.1
Project("{FAE04EC0-301F-11D3-BF4B-00C04F79EFBC}") = "FisTracker", "FisTracker\FisTracker.csproj", "{55BA8A7B-54B2-4B7B-B5BB-517005C269E4}"
EndProject
Global
	GlobalSection(SolutionConfigurationPlatforms) = preSolution
		Debug|Any CPU = Debug|Any CPU
		Release|Any CPU = Release|Any CPU
	EndGlobalSection
	GlobalSection(ProjectConfigurationPlatforms) = postSolution
		{55BA8A7B-54B2-4B7B-B5BB-517005C269E4}.Debug|Any CPU.ActiveCfg = Debug|Any CPU
		{55BA8A7B-54B2-4B7B-B5BB-517005C269E4}.Debug|Any CPU.Build.0 = Debug|Any CPU
		{55BA8A7B-54B2-4B7B-B5BB-517005C269E4}.Release|Any CPU.ActiveCfg = Release|Any CPU
		{55BA8A7B-54B2-4B7B-B5BB-517005C269E4}.Release|Any CPU.Build.0 = Release|Any CPU
	EndGlobalSection
	GlobalSection(SolutionProperties) = preSolution
		HideSolutionNode = FALSE
	EndGlobalSection
	GlobalSection(ExtensibilityGlobals) = postSolution
		SolutionGuid = {AF26BE67-2BF4-4B38-A613-5D965D98F56C}
	EndGlobalSection
EndGlobal
